// !$*UTF8*$!
{
	archiveVersion = 1;
	classes = {
	};
	objectVersion = 46;
	objects = {

/* Begin PBXBuildFile section */
		D24E9CB51A2B30C9001C4E8B /* AppDelegate.swift in Sources */ = {isa = PBXBuildFile; fileRef = D24E9CB41A2B30C9001C4E8B /* AppDelegate.swift */; };
		D24E9CB71A2B30C9001C4E8B /* ViewController.swift in Sources */ = {isa = PBXBuildFile; fileRef = D24E9CB61A2B30C9001C4E8B /* ViewController.swift */; };
		D24E9CBA1A2B30C9001C4E8B /* Main.storyboard in Resources */ = {isa = PBXBuildFile; fileRef = D24E9CB81A2B30C9001C4E8B /* Main.storyboard */; };
		D24E9CBC1A2B30C9001C4E8B /* Images.xcassets in Resources */ = {isa = PBXBuildFile; fileRef = D24E9CBB1A2B30C9001C4E8B /* Images.xcassets */; };
		D24E9CBF1A2B30C9001C4E8B /* LaunchScreen.xib in Resources */ = {isa = PBXBuildFile; fileRef = D24E9CBD1A2B30C9001C4E8B /* LaunchScreen.xib */; };
		D24E9CCB1A2B30C9001C4E8B /* LayerTestTests.swift in Sources */ = {isa = PBXBuildFile; fileRef = D24E9CCA1A2B30C9001C4E8B /* LayerTestTests.swift */; };
/* End PBXBuildFile section */

/* Begin PBXContainerItemProxy section */
		D24E9CC51A2B30C9001C4E8B /* PBXContainerItemProxy */ = {
			isa = PBXContainerItemProxy;
			containerPortal = D24E9CA71A2B30C9001C4E8B /* Project object */;
			proxyType = 1;
			remoteGlobalIDString = D24E9CAE1A2B30C9001C4E8B;
			remoteInfo = LayerTest;
		};
/* End PBXContainerItemProxy section */

/* Begin PBXFileReference section */
		D24E9CAF1A2B30C9001C4E8B /* LayerTest.app */ = {isa = PBXFileReference; explicitFileType = wrapper.application; includeInIndex = 0; path = LayerTest.app; sourceTree = BUILT_PRODUCTS_DIR; };
		D24E9CB31A2B30C9001C4E8B /* Info.plist */ = {isa = PBXFileReference; lastKnownFileType = text.plist.xml; path = Info.plist; sourceTree = "<group>"; };
		D24E9CB41A2B30C9001C4E8B /* AppDelegate.swift */ = {isa = PBXFileReference; lastKnownFileType = sourcecode.swift; path = AppDelegate.swift; sourceTree = "<group>"; };
		D24E9CB61A2B30C9001C4E8B /* ViewController.swift */ = {isa = PBXFileReference; lastKnownFileType = sourcecode.swift; path = ViewController.swift; sourceTree = "<group>"; };
		D24E9CB91A2B30C9001C4E8B /* Base */ = {isa = PBXFileReference; lastKnownFileType = file.storyboard; name = Base; path = Base.lproj/Main.storyboard; sourceTree = "<group>"; };
		D24E9CBB1A2B30C9001C4E8B /* Images.xcassets */ = {isa = PBXFileReference; lastKnownFileType = folder.assetcatalog; path = Images.xcassets; sourceTree = "<group>"; };
		D24E9CBE1A2B30C9001C4E8B /* Base */ = {isa = PBXFileReference; lastKnownFileType = file.xib; name = Base; path = Base.lproj/LaunchScreen.xib; sourceTree = "<group>"; };
		D24E9CC41A2B30C9001C4E8B /* LayerTestTests.xctest */ = {isa = PBXFileReference; explicitFileType = wrapper.cfbundle; includeInIndex = 0; path = LayerTestTests.xctest; sourceTree = BUILT_PRODUCTS_DIR; };
		D24E9CC91A2B30C9001C4E8B /* Info.plist */ = {isa = PBXFileReference; lastKnownFileType = text.plist.xml; path = Info.plist; sourceTree = "<group>"; };
		D24E9CCA1A2B30C9001C4E8B /* LayerTestTests.swift */ = {isa = PBXFileReference; lastKnownFileType = sourcecode.swift; path = LayerTestTests.swift; sourceTree = "<group>"; };
/* End PBXFileReference section */

/* Begin PBXFrameworksBuildPhase section */
		D24E9CAC1A2B30C9001C4E8B /* Frameworks */ = {
			isa = PBXFrameworksBuildPhase;
			buildActionMask = 2147483647;
			files = (
			);
			runOnlyForDeploymentPostprocessing = 0;
		};
		D24E9CC11A2B30C9001C4E8B /* Frameworks */ = {
			isa = PBXFrameworksBuildPhase;
			buildActionMask = 2147483647;
			files = (
			);
			runOnlyForDeploymentPostprocessing = 0;
		};
/* End PBXFrameworksBuildPhase section */

/* Begin PBXGroup section */
		D24E9CA61A2B30C9001C4E8B = {
			isa = PBXGroup;
			children = (
				D24E9CB11A2B30C9001C4E8B /* LayerTest */,
				D24E9CC71A2B30C9001C4E8B /* LayerTestTests */,
				D24E9CB01A2B30C9001C4E8B /* Products */,
			);
			sourceTree = "<group>";
		};
		D24E9CB01A2B30C9001C4E8B /* Products */ = {
			isa = PBXGroup;
			children = (
				D24E9CAF1A2B30C9001C4E8B /* LayerTest.app */,
				D24E9CC41A2B30C9001C4E8B /* LayerTestTests.xctest */,
			);
			name = Products;
			sourceTree = "<group>";
		};
		D24E9CB11A2B30C9001C4E8B /* LayerTest */ = {
			isa = PBXGroup;
			children = (
				D24E9CB41A2B30C9001C4E8B /* AppDelegate.swift */,
				D24E9CB61A2B30C9001C4E8B /* ViewController.swift */,
				D24E9CB81A2B30C9001C4E8B /* Main.storyboard */,
				D24E9CBB1A2B30C9001C4E8B /* Images.xcassets */,
				D24E9CBD1A2B30C9001C4E8B /* LaunchScreen.xib */,
				D24E9CB21A2B30C9001C4E8B /* Supporting Files */,
			);
			path = LayerTest;
			sourceTree = "<group>";
		};
		D24E9CB21A2B30C9001C4E8B /* Supporting Files */ = {
			isa = PBXGroup;
			children = (
				D24E9CB31A2B30C9001C4E8B /* Info.plist */,
			);
			name = "Supporting Files";
			sourceTree = "<group>";
		};
		D24E9CC71A2B30C9001C4E8B /* LayerTestTests */ = {
			isa = PBXGroup;
			children = (
				D24E9CCA1A2B30C9001C4E8B /* LayerTestTests.swift */,
				D24E9CC81A2B30C9001C4E8B /* Supporting Files */,
			);
			path = LayerTestTests;
			sourceTree = "<group>";
		};
		D24E9CC81A2B30C9001C4E8B /* Supporting Files */ = {
			isa = PBXGroup;
			children = (
				D24E9CC91A2B30C9001C4E8B /* Info.plist */,
			);
			name = "Supporting Files";
			sourceTree = "<group>";
		};
/* End PBXGroup section */

/* Begin PBXNativeTarget section */
		D24E9CAE1A2B30C9001C4E8B /* LayerTest */ = {
			isa = PBXNativeTarget;
			buildConfigurationList = D24E9CCE1A2B30C9001C4E8B /* Build configuration list for PBXNativeTarget "LayerTest" */;
			buildPhases = (
				D24E9CAB1A2B30C9001C4E8B /* Sources */,
				D24E9CAC1A2B30C9001C4E8B /* Frameworks */,
				D24E9CAD1A2B30C9001C4E8B /* Resources */,
			);
			buildRules = (
			);
			dependencies = (
			);
			name = LayerTest;
			productName = LayerTest;
			productReference = D24E9CAF1A2B30C9001C4E8B /* LayerTest.app */;
			productType = "com.apple.product-type.application";
		};
		D24E9CC31A2B30C9001C4E8B /* LayerTestTests */ = {
			isa = PBXNativeTarget;
			buildConfigurationList = D24E9CD11A2B30C9001C4E8B /* Build configuration list for PBXNativeTarget "LayerTestTests" */;
			buildPhases = (
				D24E9CC01A2B30C9001C4E8B /* Sources */,
				D24E9CC11A2B30C9001C4E8B /* Frameworks */,
				D24E9CC21A2B30C9001C4E8B /* Resources */,
			);
			buildRules = (
			);
			dependencies = (
				D24E9CC61A2B30C9001C4E8B /* PBXTargetDependency */,
			);
			name = LayerTestTests;
			productName = LayerTestTests;
			productReference = D24E9CC41A2B30C9001C4E8B /* LayerTestTests.xctest */;
			productType = "com.apple.product-type.bundle.unit-test";
		};
/* End PBXNativeTarget section */

/* Begin PBXProject section */
		D24E9CA71A2B30C9001C4E8B /* Project object */ = {
			isa = PBXProject;
			attributes = {
				LastUpgradeCheck = 0610;
				ORGANIZATIONNAME = "Scott Gardner";
				TargetAttributes = {
					D24E9CAE1A2B30C9001C4E8B = {
						CreatedOnToolsVersion = 6.1;
					};
					D24E9CC31A2B30C9001C4E8B = {
						CreatedOnToolsVersion = 6.1;
						TestTargetID = D24E9CAE1A2B30C9001C4E8B;
					};
				};
			};
			buildConfigurationList = D24E9CAA1A2B30C9001C4E8B /* Build configuration list for PBXProject "LayerTest" */;
			compatibilityVersion = "Xcode 3.2";
			developmentRegion = English;
			hasScannedForEncodings = 0;
			knownRegions = (
				en,
				Base,
			);
			mainGroup = D24E9CA61A2B30C9001C4E8B;
			productRefGroup = D24E9CB01A2B30C9001C4E8B /* Products */;
			projectDirPath = "";
			projectRoot = "";
			targets = (
				D24E9CAE1A2B30C9001C4E8B /* LayerTest */,
				D24E9CC31A2B30C9001C4E8B /* LayerTestTests */,
			);
		};
/* End PBXProject section */

/* Begin PBXResourcesBuildPhase section */
		D24E9CAD1A2B30C9001C4E8B /* Resources */ = {
			isa = PBXResourcesBuildPhase;
			buildActionMask = 2147483647;
			files = (
				D24E9CBA1A2B30C9001C4E8B /* Main.storyboard in Resources */,
				D24E9CBF1A2B30C9001C4E8B /* LaunchScreen.xib in Resources */,
				D24E9CBC1A2B30C9001C4E8B /* Images.xcassets in Resources */,
			);
			runOnlyForDeploymentPostprocessing = 0;
		};
		D24E9CC21A2B30C9001C4E8B /* Resources */ = {
			isa = PBXResourcesBuildPhase;
			buildActionMask = 2147483647;
			files = (
			);
			runOnlyForDeploymentPostprocessing = 0;
		};
/* End PBXResourcesBuildPhase section */

/* Begin PBXSourcesBuildPhase section */
		D24E9CAB1A2B30C9001C4E8B /* Sources */ = {
			isa = PBXSourcesBuildPhase;
			buildActionMask = 2147483647;
			files = (
				D24E9CB71A2B30C9001C4E8B /* ViewController.swift in Sources */,
				D24E9CB51A2B30C9001C4E8B /* AppDelegate.swift in Sources */,
			);
			runOnlyForDeploymentPostprocessing = 0;
		};
		D24E9CC01A2B30C9001C4E8B /* Sources */ = {
			isa = PBXSourcesBuildPhase;
			buildActionMask = 2147483647;
			files = (
				D24E9CCB1A2B30C9001C4E8B /* LayerTestTests.swift in Sources */,
			);
			runOnlyForDeploymentPostprocessing = 0;
		};
/* End PBXSourcesBuildPhase section */

/* Begin PBXTargetDependency section */
		D24E9CC61A2B30C9001C4E8B /* PBXTargetDependency */ = {
			isa = PBXTargetDependency;
			target = D24E9CAE1A2B30C9001C4E8B /* LayerTest */;
			targetProxy = D24E9CC51A2B30C9001C4E8B /* PBXContainerItemProxy */;
		};
/* End PBXTargetDependency section */

/* Begin PBXVariantGroup section */
		D24E9CB81A2B30C9001C4E8B /* Main.storyboard */ = {
			isa = PBXVariantGroup;
			children = (
				D24E9CB91A2B30C9001C4E8B /* Base */,
			);
			name = Main.storyboard;
			sourceTree = "<group>";
		};
		D24E9CBD1A2B30C9001C4E8B /* LaunchScreen.xib */ = {
			isa = PBXVariantGroup;
			children = (
				D24E9CBE1A2B30C9001C4E8B /* Base */,
			);
			name = LaunchScreen.xib;
			sourceTree = "<group>";
		};
/* End PBXVariantGroup section */

/* Begin XCBuildConfiguration section */
		D24E9CCC1A2B30C9001C4E8B /* Debug */ = {
			isa = XCBuildConfiguration;
			buildSettings = {
				ALWAYS_SEARCH_USER_PATHS = NO;
				CLANG_CXX_LANGUAGE_STANDARD = "gnu++0x";
				CLANG_CXX_LIBRARY = "libc++";
				CLANG_ENABLE_MODULES = YES;
				CLANG_ENABLE_OBJC_ARC = YES;
				CLANG_WARN_BOOL_CONVERSION = YES;
				CLANG_WARN_CONSTANT_CONVERSION = YES;
				CLANG_WARN_DIRECT_OBJC_ISA_USAGE = YES_ERROR;
				CLANG_WARN_EMPTY_BODY = YES;
				CLANG_WARN_ENUM_CONVERSION = YES;
				CLANG_WARN_INT_CONVERSION = YES;
				CLANG_WARN_OBJC_ROOT_CLASS = YES_ERROR;
				CLANG_WARN_UNREACHABLE_CODE = YES;
				CLANG_WARN__DUPLICATE_METHOD_MATCH = YES;
				"CODE_SIGN_IDENTITY[sdk=iphoneos*]" = "iPhone Developer";
				COPY_PHASE_STRIP = NO;
				ENABLE_STRICT_OBJC_MSGSEND = YES;
				GCC_C_LANGUAGE_STANDARD = gnu99;
				GCC_DYNAMIC_NO_PIC = NO;
				GCC_OPTIMIZATION_LEVEL = 0;
				GCC_PREPROCESSOR_DEFINITIONS = (
					"DEBUG=1",
					"$(inherited)",
				);
				GCC_SYMBOLS_PRIVATE_EXTERN = NO;
				GCC_WARN_64_TO_32_BIT_CONVERSION = YES;
				GCC_WARN_ABOUT_RETURN_TYPE = YES_ERROR;
				GCC_WARN_UNDECLARED_SELECTOR = YES;
				GCC_WARN_UNINITIALIZED_AUTOS = YES_AGGRESSIVE;
				GCC_WARN_UNUSED_FUNCTION = YES;
				GCC_WARN_UNUSED_VARIABLE = YES;
				IPHONEOS_DEPLOYMENT_TARGET = 8.1;
				MTL_ENABLE_DEBUG_INFO = YES;
				ONLY_ACTIVE_ARCH = YES;
				SDKROOT = iphoneos;
				SWIFT_OPTIMIZATION_LEVEL = "-Onone";
				TARGETED_DEVICE_FAMILY = "1,2";
			};
			name = Debug;
		};
		D24E9CCD1A2B30C9001C4E8B /* Release */ = {
			isa = XCBuildConfiguration;
			buildSettings = {
				ALWAYS_SEARCH_USER_PATHS = NO;
				CLANG_CXX_LANGUAGE_STANDARD = "gnu++0x";
				CLANG_CXX_LIBRARY = "libc++";
				CLANG_ENABLE_MODULES = YES;
				CLANG_ENABLE_OBJC_ARC = YES;
				CLANG_WARN_BOOL_CONVERSION = YES;
				CLANG_WARN_CONSTANT_CONVERSION = YES;
				CLANG_WARN_DIRECT_OBJC_ISA_USAGE = YES_ERROR;
				CLANG_WARN_EMPTY_BODY = YES;
				CLANG_WARN_ENUM_CONVERSION = YES;
				CLANG_WARN_INT_CONVERSION = YES;
				CLANG_WARN_OBJC_ROOT_CLASS = YES_ERROR;
				CLANG_WARN_UNREACHABLE_CODE = YES;
				CLANG_WARN__DUPLICATE_METHOD_MATCH = YES;
				"CODE_SIGN_IDENTITY[sdk=iphoneos*]" = "iPhone Developer";
				COPY_PHASE_STRIP = YES;
				ENABLE_NS_ASSERTIONS = NO;
				ENABLE_STRICT_OBJC_MSGSEND = YES;
				GCC_C_LANGUAGE_STANDARD = gnu99;
				GCC_WARN_64_TO_32_BIT_CONVERSION = YES;
				GCC_WARN_ABOUT_RETURN_TYPE = YES_ERROR;
				GCC_WARN_UNDECLARED_SELECTOR = YES;
				GCC_WARN_UNINITIALIZED_AUTOS = YES_AGGRESSIVE;
				GCC_WARN_UNUSED_FUNCTION = YES;
				GCC_WARN_UNUSED_VARIABLE = YES;
				IPHONEOS_DEPLOYMENT_TARGET = 8.1;
				MTL_ENABLE_DEBUG_INFO = NO;
				SDKROOT = iphoneos;
				TARGETED_DEVICE_FAMILY = "1,2";
				VALIDATE_PRODUCT = YES;
			};
			name = Release;
		};
		D24E9CCF1A2B30C9001C4E8B /* Debug */ = {
			isa = XCBuildConfiguration;
			buildSettings = {
				ASSETCATALOG_COMPILER_APPICON_NAME = AppIcon;
				INFOPLIST_FILE = LayerTest/Info.plist;
				LD_RUNPATH_SEARCH_PATHS = "$(inherited) @executable_path/Frameworks";
				PRODUCT_NAME = "$(TARGET_NAME)";
			};
			name = Debug;
		};
		D24E9CD01A2B30C9001C4E8B /* Release */ = {
			isa = XCBuildConfiguration;
			buildSettings = {
				ASSETCATALOG_COMPILER_APPICON_NAME = AppIcon;
				INFOPLIST_FILE = LayerTest/Info.plist;
				LD_RUNPATH_SEARCH_PATHS = "$(inherited) @executable_path/Frameworks";
				PRODUCT_NAME = "$(TARGET_NAME)";
			};
			name = Release;
		};
		D24E9CD21A2B30C9001C4E8B /* Debug */ = {
			isa = XCBuildConfiguration;
			buildSettings = {
				BUNDLE_LOADER = "$(TEST_HOST)";
				FRAMEWORK_SEARCH_PATHS = (
					"$(SDKROOT)/Developer/Library/Frameworks",
					"$(inherited)",
				);
				GCC_PREPROCESSOR_DEFINITIONS = (
					"DEBUG=1",
					"$(inherited)",
				);
				INFOPLIST_FILE = LayerTestTests/Info.plist;
				LD_RUNPATH_SEARCH_PATHS = "$(inherited) @executable_path/Frameworks @loader_path/Frameworks";
				PRODUCT_NAME = "$(TARGET_NAME)";
				TEST_HOST = "$(BUILT_PRODUCTS_DIR)/LayerTest.app/LayerTest";
			};
			name = Debug;
		};
		D24E9CD31A2B30C9001C4E8B /* Release */ = {
			isa = XCBuildConfiguration;
			buildSettings = {
				BUNDLE_LOADER = "$(TEST_HOST)";
				FRAMEWORK_SEARCH_PATHS = (
					"$(SDKROOT)/Developer/Library/Frameworks",
					"$(inherited)",
				);
				INFOPLIST_FILE = LayerTestTests/Info.plist;
				LD_RUNPATH_SEARCH_PATHS = "$(inherited) @executable_path/Frameworks @loader_path/Frameworks";
				PRODUCT_NAME = "$(TARGET_NAME)";
				TEST_HOST = "$(BUILT_PRODUCTS_DIR)/LayerTest.app/LayerTest";
			};
			name = Release;
		};
/* End XCBuildConfiguration section */

/* Begin XCConfigurationList section */
		D24E9CAA1A2B30C9001C4E8B /* Build configuration list for PBXProject "LayerTest" */ = {
			isa = XCConfigurationList;
			buildConfigurations = (
				D24E9CCC1A2B30C9001C4E8B /* Debug */,
				D24E9CCD1A2B30C9001C4E8B /* Release */,
			);
			defaultConfigurationIsVisible = 0;
			defaultConfigurationName = Release;
		};
		D24E9CCE1A2B30C9001C4E8B /* Build configuration list for PBXNativeTarget "LayerTest" */ = {
			isa = XCConfigurationList;
			buildConfigurations = (
				D24E9CCF1A2B30C9001C4E8B /* Debug */,
				D24E9CD01A2B30C9001C4E8B /* Release */,
			);
			defaultConfigurationIsVisible = 0;
		};
		D24E9CD11A2B30C9001C4E8B /* Build configuration list for PBXNativeTarget "LayerTestTests" */ = {
			isa = XCConfigurationList;
			buildConfigurations = (
				D24E9CD21A2B30C9001C4E8B /* Debug */,
				D24E9CD31A2B30C9001C4E8B /* Release */,
			);
			defaultConfigurationIsVisible = 0;
		};
/* End XCConfigurationList section */
	};
	rootObject = D24E9CA71A2B30C9001C4E8B /* Project object */;
}
